<?xml version="1.0" encoding="UTF-8" standalone="yes" ?>
<CodeBlocks_project_file>
	<FileVersion major="1" minor="6" />
	<Project>
		<Option title="Irrlicht Wrapper" />
		<Option pch_mode="0" />
		<Option default_target="Debug" />
		<Option compiler="gcc" />
		<Build>
			<Target title="Release">
				<Option output="..\IrrlichtWrapper.dll" prefix_auto="0" extension_auto="0" />
				<Option type="3" />
				<Option compiler="gcc" />
				<Option host_application="64_Example_TiledTerrain.exe" />
				<Option createDefFile="1" />
				<Option createStaticLib="1" />
				<Compiler>
					<Add directory="$(IRR_BASE)\include\" />
					<Add directory="$(IRR_BASE)\source\Irrlicht\" />
				</Compiler>
			</Target>
			<Target title="Debug">
				<Option output=".\IrrlichtWrapper.dll" prefix_auto="0" extension_auto="0" />
				<Option type="3" />
				<Option compiler="gcc" />
				<Option host_application="64_Example_TiledTerrain.exe" />
				<Option createDefFile="1" />
				<Option createStaticLib="1" />
				<Compiler>
					<Add option="-g" />
					<Add directory="$(IRR_BASE)\include" />
					<Add directory="$(IRR_BASE)\source\Irrlicht" />
				</Compiler>
			</Target>
		</Build>
		<VirtualTargets>
			<Add alias="All" targets="Release;" />
		</VirtualTargets>
		<Compiler>
			<Add option="-O3" />
			<Add option="-DBUILD_DLL" />
			<Add directory="$(IRR_BASE)\include" />
			<Add directory="$(IRR_BASE)\source\Irrlicht" />
		</Compiler>
		<Linker>
			<Add library="irrlicht" />
			<Add directory="$(IRR_BASE)\bin\Win32-gcc" />
		</Linker>
		<Unit filename="CBatchingMesh.cpp" />
		<Unit filename="CBatchingMesh.h" />
		<Unit filename="CBeamSceneNode.cpp" />
		<Unit filename="CBeamSceneNode.h" />
		<Unit filename="CBillboardGroupSceneNode.cpp" />
		<Unit filename="CBillboardGroupSceneNode.h" />
		<Unit filename="CBoltSceneNode.cpp" />
		<Unit filename="CBoltSceneNode.h" />
		<Unit filename="CCloudSceneNode.cpp" />
		<Unit filename="CCloudSceneNode.h" />
		<Unit filename="CColorMorphAffector.cpp" />
		<Unit filename="CColorMorphAffector.h" />
		<Unit filename="CGrassPatchSceneNode.cpp" />
		<Unit filename="CGrassPatchSceneNode.h" />
		<Unit filename="CLODSceneNode.cpp" />
		<Unit filename="CLODSceneNode.h" />
		<Unit filename="CLensFlareSceneNode.cpp" />
		<Unit filename="CLensFlareSceneNode.h" />
		<Unit filename="CParticleEmissionAffector.cpp" />
		<Unit filename="CParticleEmissionAffector.h" />
		<Unit filename="CParticlePushAffector.cpp" />
		<Unit filename="CParticlePushAffector.h" />
		<Unit filename="CSceneNodeAnimatorFade.cpp" />
		<Unit filename="CSceneNodeAnimatorFade.h" />
		<Unit filename="CShaderPre.cpp" />
		<Unit filename="CSkyDomeColorSceneNode.cpp" />
		<Unit filename="CSkyDomeColorSceneNode.h" />
		<Unit filename="CSplineAffector.cpp" />
		<Unit filename="CSplineAffector.h" />
		<Unit filename="CTerrainSphereNode.cpp" />
		<Unit filename="CTerrainSphereNode.h" />
		<Unit filename="CTerrainTileSceneNode.cpp" />
		<Unit filename="CTerrainTileSceneNode.h" />
		<Unit filename="CWindGenerator.h" />
		<Unit filename="CZoneSceneNode.cpp" />
		<Unit filename="CZoneSceneNode.h" />
		<Unit filename="EffectHandler.cpp" />
		<Unit filename="ILensFlareSceneNode.h" />
		<Unit filename="IWindGenerator.h" />
		<Unit filename="STreeMesh.h" />
		<Unit filename="irrlichtwrapper.cpp" />
		<Unit filename="irrlichtwrapper.h" />
		<Unit filename="main.c">
			<Option compilerVar="CC" />
		</Unit>
		<Unit filename="random.h" />
		<Unit filename="wrapper2d.cpp" />
		<Unit filename="wrapperanimation.cpp" />
		<Unit filename="wrappercamera.cpp" />
		<Unit filename="wrappercollision.cpp" />
		<Unit filename="wrapperfiling.cpp" />
		<Unit filename="wrappergui.cpp" />
		<Unit filename="wrapperkeyboardmouse.cpp" />
		<Unit filename="wrapperlighting.cpp" />
		<Unit filename="wrappernode.cpp" />
		<Unit filename="wrapperparticles.cpp" />
		<Unit filename="wrapperscene.cpp" />
		<Unit filename="wrappershaders.cpp" />
		<Unit filename="wrappersystem.cpp" />
		<Unit filename="wrapperterrain.cpp" />
		<Extensions>
			<code_completion />
			<debugger />
		</Extensions>
	</Project>
</CodeBlocks_project_file>
